// !$*UTF8*$!
{
	archiveVersion = 1;
	classes = {
	};
	objectVersion = 77;
	objects = {

/* Begin PBXBuildFile section */
		1FA106F72ED0CDF900C1F6AD /* DSWaveformImage in Frameworks */ = {isa = PBXBuildFile; productRef = 1FA106F62ED0CDF900C1F6AD /* DSWaveformImage */; };
		1FA106F92ED0CDF900C1F6AD /* DSWaveformImageViews in Frameworks */ = {isa = PBXBuildFile; productRef = 1FA106F82ED0CDF900C1F6AD /* DSWaveformImageViews */; };
/* End PBXBuildFile section */

/* Begin PBXContainerItemProxy section */
		25AF4C792EBA115D00B4F8F7 /* PBXContainerItemProxy */ = {
			isa = PBXContainerItemProxy;
			containerPortal = 25AF4C5A2EBA115B00B4F8F7 /* Project object */;
			proxyType = 1;
			remoteGlobalIDString = 25AF4C612EBA115B00B4F8F7;
			remoteInfo = Memora;
		};
		25AF4C832EBA115D00B4F8F7 /* PBXContainerItemProxy */ = {
			isa = PBXContainerItemProxy;
			containerPortal = 25AF4C5A2EBA115B00B4F8F7 /* Project object */;
			proxyType = 1;
			remoteGlobalIDString = 25AF4C612EBA115B00B4F8F7;
			remoteInfo = Memora;
		};
/* End PBXContainerItemProxy section */

/* Begin PBXFileReference section */
		25AF4C622EBA115B00B4F8F7 /* Memora.app */ = {isa = PBXFileReference; explicitFileType = wrapper.application; includeInIndex = 0; path = Memora.app; sourceTree = BUILT_PRODUCTS_DIR; };
		25AF4C782EBA115D00B4F8F7 /* MemoraTests.xctest */ = {isa = PBXFileReference; explicitFileType = wrapper.cfbundle; includeInIndex = 0; path = MemoraTests.xctest; sourceTree = BUILT_PRODUCTS_DIR; };
		25AF4C822EBA115D00B4F8F7 /* MemoraUITests.xctest */ = {isa = PBXFileReference; explicitFileType = wrapper.cfbundle; includeInIndex = 0; path = MemoraUITests.xctest; sourceTree = BUILT_PRODUCTS_DIR; };
/* End PBXFileReference section */

/* Begin PBXFileSystemSynchronizedBuildFileExceptionSet section */
		1FC49DD52ED4ABED005D98B6 /* Exceptions for "Memora" folder in "Memora" target */ = {
			isa = PBXFileSystemSynchronizedBuildFileExceptionSet;
			membershipExceptions = (
				Info.plist,
			);
			target = 25AF4C612EBA115B00B4F8F7 /* Memora */;
		};
/* End PBXFileSystemSynchronizedBuildFileExceptionSet section */

/* Begin PBXFileSystemSynchronizedRootGroup section */
		25AF4C642EBA115B00B4F8F7 /* Memora */ = {
			isa = PBXFileSystemSynchronizedRootGroup;
			exceptions = (
				1FC49DD52ED4ABED005D98B6 /* Exceptions for "Memora" folder in "Memora" target */,
			);
			path = Memora;
			sourceTree = "<group>";
		};
/* End PBXFileSystemSynchronizedRootGroup section */

/* Begin PBXFrameworksBuildPhase section */
		25AF4C5F2EBA115B00B4F8F7 /* Frameworks */ = {
			isa = PBXFrameworksBuildPhase;
			buildActionMask = 2147483647;
			files = (
				1FA106F72ED0CDF900C1F6AD /* DSWaveformImage in Frameworks */,
				1FA106F92ED0CDF900C1F6AD /* DSWaveformImageViews in Frameworks */,
			);
			runOnlyForDeploymentPostprocessing = 0;
		};
		25AF4C752EBA115D00B4F8F7 /* Frameworks */ = {
			isa = PBXFrameworksBuildPhase;
			buildActionMask = 2147483647;
			files = (
			);
			runOnlyForDeploymentPostprocessing = 0;
		};
		25AF4C7F2EBA115D00B4F8F7 /* Frameworks */ = {
			isa = PBXFrameworksBuildPhase;
			buildActionMask = 2147483647;
			files = (
			);
			runOnlyForDeploymentPostprocessing = 0;
		};
/* End PBXFrameworksBuildPhase section */

/* Begin PBXGroup section */
		25AF4C592EBA115B00B4F8F7 = {
			isa = PBXGroup;
			children = (
				25AF4C642EBA115B00B4F8F7 /* Memora */,
				25AF4C632EBA115B00B4F8F7 /* Products */,
			);
			sourceTree = "<group>";
		};
		25AF4C632EBA115B00B4F8F7 /* Products */ = {
			isa = PBXGroup;
			children = (
				25AF4C622EBA115B00B4F8F7 /* Memora.app */,
				25AF4C782EBA115D00B4F8F7 /* MemoraTests.xctest */,
				25AF4C822EBA115D00B4F8F7 /* MemoraUITests.xctest */,
			);
			name = Products;
			sourceTree = "<group>";
		};
/* End PBXGroup section */

/* Begin PBXNativeTarget section */
		25AF4C612EBA115B00B4F8F7 /* Memora */ = {
			isa = PBXNativeTarget;
			buildConfigurationList = 25AF4C8B2EBA115D00B4F8F7 /* Build configuration list for PBXNativeTarget "Memora" */;
			buildPhases = (
				25AF4C5E2EBA115B00B4F8F7 /* Sources */,
				25AF4C5F2EBA115B00B4F8F7 /* Frameworks */,
				25AF4C602EBA115B00B4F8F7 /* Resources */,
			);
			buildRules = (
			);
			dependencies = (
			);
			fileSystemSynchronizedGroups = (
				25AF4C642EBA115B00B4F8F7 /* Memora */,
			);
			name = Memora;
			packageProductDependencies = (
				1FA106F62ED0CDF900C1F6AD /* DSWaveformImage */,
				1FA106F82ED0CDF900C1F6AD /* DSWaveformImageViews */,
			);
			productName = Memora;
			productReference = 25AF4C622EBA115B00B4F8F7 /* Memora.app */;
			productType = "com.apple.product-type.application";
		};
		25AF4C772EBA115D00B4F8F7 /* MemoraTests */ = {
			isa = PBXNativeTarget;
			buildConfigurationList = 25AF4C902EBA115D00B4F8F7 /* Build configuration list for PBXNativeTarget "MemoraTests" */;
			buildPhases = (
				25AF4C742EBA115D00B4F8F7 /* Sources */,
				25AF4C752EBA115D00B4F8F7 /* Frameworks */,
				25AF4C762EBA115D00B4F8F7 /* Resources */,
			);
			buildRules = (
			);
			dependencies = (
				25AF4C7A2EBA115D00B4F8F7 /* PBXTargetDependency */,
			);
			name = MemoraTests;
			packageProductDependencies = (
			);
			productName = MemoraTests;
			productReference = 25AF4C782EBA115D00B4F8F7 /* MemoraTests.xctest */;
			productType = "com.apple.product-type.bundle.unit-test";
		};
		25AF4C812EBA115D00B4F8F7 /* MemoraUITests */ = {
			isa = PBXNativeTarget;
			buildConfigurationList = 25AF4C932EBA115D00B4F8F7 /* Build configuration list for PBXNativeTarget "MemoraUITests" */;
			buildPhases = (
				25AF4C7E2EBA115D00B4F8F7 /* Sources */,
				25AF4C7F2EBA115D00B4F8F7 /* Frameworks */,
				25AF4C802EBA115D00B4F8F7 /* Resources */,
			);
			buildRules = (
			);
			dependencies = (
				25AF4C842EBA115D00B4F8F7 /* PBXTargetDependency */,
			);
			name = MemoraUITests;
			packageProductDependencies = (
			);
			productName = MemoraUITests;
			productReference = 25AF4C822EBA115D00B4F8F7 /* MemoraUITests.xctest */;
			productType = "com.apple.product-type.bundle.ui-testing";
		};
/* End PBXNativeTarget section */

/* Begin PBXProject section */
		25AF4C5A2EBA115B00B4F8F7 /* Project object */ = {
			isa = PBXProject;
			attributes = {
				BuildIndependentTargetsInParallel = 1;
				LastSwiftUpdateCheck = 1640;
				LastUpgradeCheck = 1640;
				TargetAttributes = {
					25AF4C612EBA115B00B4F8F7 = {
						CreatedOnToolsVersion = 16.4;
					};
					25AF4C772EBA115D00B4F8F7 = {
						CreatedOnToolsVersion = 16.4;
						TestTargetID = 25AF4C612EBA115B00B4F8F7;
					};
					25AF4C812EBA115D00B4F8F7 = {
						CreatedOnToolsVersion = 16.4;
						TestTargetID = 25AF4C612EBA115B00B4F8F7;
					};
				};
			};
			buildConfigurationList = 25AF4C5D2EBA115B00B4F8F7 /* Build configuration list for PBXProject "Memora" */;
			developmentRegion = en;
			hasScannedForEncodings = 0;
			knownRegions = (
				en,
				Base,
			);
			mainGroup = 25AF4C592EBA115B00B4F8F7;
			minimizedProjectReferenceProxies = 1;
			packageReferences = (
				1FA106F52ED0CDE300C1F6AD /* XCRemoteSwiftPackageReference "DSWaveformImage" */,
			);
			preferredProjectObjectVersion = 77;
			productRefGroup = 25AF4C632EBA115B00B4F8F7 /* Products */;
			projectDirPath = "";
			projectRoot = "";
			targets = (
				25AF4C612EBA115B00B4F8F7 /* Memora */,
				25AF4C772EBA115D00B4F8F7 /* MemoraTests */,
				25AF4C812EBA115D00B4F8F7 /* MemoraUITests */,
			);
		};
/* End PBXProject section */

/* Begin PBXResourcesBuildPhase section */
		25AF4C602EBA115B00B4F8F7 /* Resources */ = {
			isa = PBXResourcesBuildPhase;
			buildActionMask = 2147483647;
			files = (
			);
			runOnlyForDeploymentPostprocessing = 0;
		};
		25AF4C762EBA115D00B4F8F7 /* Resources */ = {
			isa = PBXResourcesBuildPhase;
			buildActionMask = 2147483647;
			files = (
			);
			runOnlyForDeploymentPostprocessing = 0;
		};
		25AF4C802EBA115D00B4F8F7 /* Resources */ = {
			isa = PBXResourcesBuildPhase;
			buildActionMask = 2147483647;
			files = (
			);
			runOnlyForDeploymentPostprocessing = 0;
		};
/* End PBXResourcesBuildPhase section */

/* Begin PBXSourcesBuildPhase section */
		25AF4C5E2EBA115B00B4F8F7 /* Sources */ = {
			isa = PBXSourcesBuildPhase;
			buildActionMask = 2147483647;
			files = (
			);
			runOnlyForDeploymentPostprocessing = 0;
		};
		25AF4C742EBA115D00B4F8F7 /* Sources */ = {
			isa = PBXSourcesBuildPhase;
			buildActionMask = 2147483647;
			files = (
			);
			runOnlyForDeploymentPostprocessing = 0;
		};
		25AF4C7E2EBA115D00B4F8F7 /* Sources */ = {
			isa = PBXSourcesBuildPhase;
			buildActionMask = 2147483647;
			files = (
			);
			runOnlyForDeploymentPostprocessing = 0;
		};
/* End PBXSourcesBuildPhase section */

/* Begin PBXTargetDependency section */
		25AF4C7A2EBA115D00B4F8F7 /* PBXTargetDependency */ = {
			isa = PBXTargetDependency;
			target = 25AF4C612EBA115B00B4F8F7 /* Memora */;
			targetProxy = 25AF4C792EBA115D00B4F8F7 /* PBXContainerItemProxy */;
		};
		25AF4C842EBA115D00B4F8F7 /* PBXTargetDependency */ = {
			isa = PBXTargetDependency;
			target = 25AF4C612EBA115B00B4F8F7 /* Memora */;
			targetProxy = 25AF4C832EBA115D00B4F8F7 /* PBXContainerItemProxy */;
		};
/* End PBXTargetDependency section */

/* Begin XCBuildConfiguration section */
		25AF4C8C2EBA115D00B4F8F7 /* Debug */ = {
			isa = XCBuildConfiguration;
			buildSettings = {
				ASSETCATALOG_COMPILER_APPICON_NAME = AppIcon;
				ASSETCATALOG_COMPILER_GLOBAL_ACCENT_COLOR_NAME = AccentColor;
				CODE_SIGN_STYLE = Automatic;
				CURRENT_PROJECT_VERSION = 1;
				DEVELOPMENT_TEAM = B8C46T352S;
				GENERATE_INFOPLIST_FILE = YES;
				INFOPLIST_FILE = Memora/Info.plist;
				INFOPLIST_KEY_UIApplicationSupportsIndirectInputEvents = YES;
				INFOPLIST_KEY_UILaunchStoryboardName = LaunchScreen;
				INFOPLIST_KEY_UIMainStoryboardFile = Main;
				INFOPLIST_KEY_UISupportedInterfaceOrientations_iPad = "UIInterfaceOrientationPortrait UIInterfaceOrientationPortraitUpsideDown UIInterfaceOrientationLandscapeLeft UIInterfaceOrientationLandscapeRight";
				INFOPLIST_KEY_UISupportedInterfaceOrientations_iPhone = "UIInterfaceOrientationPortrait UIInterfaceOrientationLandscapeLeft UIInterfaceOrientationLandscapeRight";
				LD_RUNPATH_SEARCH_PATHS = (
					"$(inherited)",
					"@executable_path/Frameworks",
				);
				MARKETING_VERSION = 1.0;
				PRODUCT_BUNDLE_IDENTIFIER = srmist.edu.in.Memora;
				PRODUCT_NAME = "$(TARGET_NAME)";
				SWIFT_EMIT_LOC_STRINGS = YES;
				SWIFT_VERSION = 5.0;
				TARGETED_DEVICE_FAMILY = "1,2";
			};
			name = Debug;
		};
		25AF4C8D2EBA115D00B4F8F7 /* Release */ = {
			isa = XCBuildConfiguration;
			buildSettings = {
				ASSETCATALOG_COMPILER_APPICON_NAME = AppIcon;
				ASSETCATALOG_COMPILER_GLOBAL_ACCENT_COLOR_NAME = AccentColor;
				CODE_SIGN_STYLE = Automatic;
				CURRENT_PROJECT_VERSION = 1;
				DEVELOPMENT_TEAM = B8C46T352S;
				GENERATE_INFOPLIST_FILE = YES;
				INFOPLIST_FILE = Memora/Info.plist;
				INFOPLIST_KEY_UIApplicationSupportsIndirectInputEvents = YES;
				INFOPLIST_KEY_UILaunchStoryboardName = LaunchScreen;
				INFOPLIST_KEY_UIMainStoryboardFile = Main;
				INFOPLIST_KEY_UISupportedInterfaceOrientations_iPad = "UIInterfaceOrientationPortrait UIInterfaceOrientationPortraitUpsideDown UIInterfaceOrientationLandscapeLeft UIInterfaceOrientationLandscapeRight";
				INFOPLIST_KEY_UISupportedInterfaceOrientations_iPhone = "UIInterfaceOrientationPortrait UIInterfaceOrientationLandscapeLeft UIInterfaceOrientationLandscapeRight";
				LD_RUNPATH_SEARCH_PATHS = (
					"$(inherited)",
					"@executable_path/Frameworks",
				);
				MARKETING_VERSION = 1.0;
				PRODUCT_BUNDLE_IDENTIFIER = srmist.edu.in.Memora;
				PRODUCT_NAME = "$(TARGET_NAME)";
				SWIFT_EMIT_LOC_STRINGS = YES;
				SWIFT_VERSION = 5.0;
				TARGETED_DEVICE_FAMILY = "1,2";
			};
			name = Release;
		};
		25AF4C8E2EBA115D00B4F8F7 /* Debug */ = {
			isa = XCBuildConfiguration;
			buildSettings = {
				ALWAYS_SEARCH_USER_PATHS = NO;
				ASSETCATALOG_COMPILER_GENERATE_SWIFT_ASSET_SYMBOL_EXTENSIONS = YES;
				CLANG_ANALYZER_NONNULL = YES;
				CLANG_ANALYZER_NUMBER_OBJECT_CONVERSION = YES_AGGRESSIVE;
				CLANG_CXX_LANGUAGE_STANDARD = "gnu++20";
				CLANG_ENABLE_MODULES = YES;
				CLANG_ENABLE_OBJC_ARC = YES;
				CLANG_ENABLE_OBJC_WEAK = YES;
				CLANG_WARN_BLOCK_CAPTURE_AUTORELEASING = YES;
				CLANG_WARN_BOOL_CONVERSION = YES;
				CLANG_WARN_COMMA = YES;
				CLANG_WARN_CONSTANT_CONVERSION = YES;
				CLANG_WARN_DEPRECATED_OBJC_IMPLEMENTATIONS = YES;
				CLANG_WARN_DIRECT_OBJC_ISA_USAGE = YES_ERROR;
				CLANG_WARN_DOCUMENTATION_COMMENTS = YES;
				CLANG_WARN_EMPTY_BODY = YES;
				CLANG_WARN_ENUM_CONVERSION = YES;
				CLANG_WARN_INFINITE_RECURSION = YES;
				CLANG_WARN_INT_CONVERSION = YES;
				CLANG_WARN_NON_LITERAL_NULL_CONVERSION = YES;
				CLANG_WARN_OBJC_IMPLICIT_RETAIN_SELF = YES;
				CLANG_WARN_OBJC_LITERAL_CONVERSION = YES;
				CLANG_WARN_OBJC_ROOT_CLASS = YES_ERROR;
				CLANG_WARN_QUOTED_INCLUDE_IN_FRAMEWORK_HEADER = YES;
				CLANG_WARN_RANGE_LOOP_ANALYSIS = YES;
				CLANG_WARN_STRICT_PROTOTYPES = YES;
				CLANG_WARN_SUSPICIOUS_MOVE = YES;
				CLANG_WARN_UNGUARDED_AVAILABILITY = YES_AGGRESSIVE;
				CLANG_WARN_UNREACHABLE_CODE = YES;
				CLANG_WARN__DUPLICATE_METHOD_MATCH = YES;
				COPY_PHASE_STRIP = NO;
				DEBUG_INFORMATION_FORMAT = dwarf;
				DEVELOPMENT_TEAM = B8C46T352S;
				ENABLE_STRICT_OBJC_MSGSEND = YES;
				ENABLE_TESTABILITY = YES;
				ENABLE_USER_SCRIPT_SANDBOXING = YES;
				GCC_C_LANGUAGE_STANDARD = gnu17;
				GCC_DYNAMIC_NO_PIC = NO;
				GCC_NO_COMMON_BLOCKS = YES;
				GCC_OPTIMIZATION_LEVEL = 0;
				GCC_PREPROCESSOR_DEFINITIONS = (
					"DEBUG=1",
					"$(inherited)",
				);
				GCC_WARN_64_TO_32_BIT_CONVERSION = YES;
				GCC_WARN_ABOUT_RETURN_TYPE = YES_ERROR;
				GCC_WARN_UNDECLARED_SELECTOR = YES;
				GCC_WARN_UNINITIALIZED_AUTOS = YES_AGGRESSIVE;
				GCC_WARN_UNUSED_FUNCTION = YES;
				GCC_WARN_UNUSED_VARIABLE = YES;
				IPHONEOS_DEPLOYMENT_TARGET = 18.5;
				LOCALIZATION_PREFERS_STRING_CATALOGS = YES;
				MTL_ENABLE_DEBUG_INFO = INCLUDE_SOURCE;
				MTL_FAST_MATH = YES;
				ONLY_ACTIVE_ARCH = YES;
				SDKROOT = iphoneos;
				SWIFT_ACTIVE_COMPILATION_CONDITIONS = "DEBUG $(inherited)";
				SWIFT_OPTIMIZATION_LEVEL = "-Onone";
			};
			name = Debug;
		};
		25AF4C8F2EBA115D00B4F8F7 /* Release */ = {
			isa = XCBuildConfiguration;
			buildSettings = {
				ALWAYS_SEARCH_USER_PATHS = NO;
				ASSETCATALOG_COMPILER_GENERATE_SWIFT_ASSET_SYMBOL_EXTENSIONS = YES;
				CLANG_ANALYZER_NONNULL = YES;
				CLANG_ANALYZER_NUMBER_OBJECT_CONVERSION = YES_AGGRESSIVE;
				CLANG_CXX_LANGUAGE_STANDARD = "gnu++20";
				CLANG_ENABLE_MODULES = YES;
				CLANG_ENABLE_OBJC_ARC = YES;
				CLANG_ENABLE_OBJC_WEAK = YES;
				CLANG_WARN_BLOCK_CAPTURE_AUTORELEASING = YES;
				CLANG_WARN_BOOL_CONVERSION = YES;
				CLANG_WARN_COMMA = YES;
				CLANG_WARN_CONSTANT_CONVERSION = YES;
				CLANG_WARN_DEPRECATED_OBJC_IMPLEMENTATIONS = YES;
				CLANG_WARN_DIRECT_OBJC_ISA_USAGE = YES_ERROR;
				CLANG_WARN_DOCUMENTATION_COMMENTS = YES;
				CLANG_WARN_EMPTY_BODY = YES;
				CLANG_WARN_ENUM_CONVERSION = YES;
				CLANG_WARN_INFINITE_RECURSION = YES;
				CLANG_WARN_INT_CONVERSION = YES;
				CLANG_WARN_NON_LITERAL_NULL_CONVERSION = YES;
				CLANG_WARN_OBJC_IMPLICIT_RETAIN_SELF = YES;
				CLANG_WARN_OBJC_LITERAL_CONVERSION = YES;
				CLANG_WARN_OBJC_ROOT_CLASS = YES_ERROR;
				CLANG_WARN_QUOTED_INCLUDE_IN_FRAMEWORK_HEADER = YES;
				CLANG_WARN_RANGE_LOOP_ANALYSIS = YES;
				CLANG_WARN_STRICT_PROTOTYPES = YES;
				CLANG_WARN_SUSPICIOUS_MOVE = YES;
				CLANG_WARN_UNGUARDED_AVAILABILITY = YES_AGGRESSIVE;
				CLANG_WARN_UNREACHABLE_CODE = YES;
				CLANG_WARN__DUPLICATE_METHOD_MATCH = YES;
				COPY_PHASE_STRIP = NO;
				DEBUG_INFORMATION_FORMAT = "dwarf-with-dsym";
				DEVELOPMENT_TEAM = B8C46T352S;
				ENABLE_NS_ASSERTIONS = NO;
				ENABLE_STRICT_OBJC_MSGSEND = YES;
				ENABLE_USER_SCRIPT_SANDBOXING = YES;
				GCC_C_LANGUAGE_STANDARD = gnu17;
				GCC_NO_COMMON_BLOCKS = YES;
				GCC_WARN_64_TO_32_BIT_CONVERSION = YES;
				GCC_WARN_ABOUT_RETURN_TYPE = YES_ERROR;
				GCC_WARN_UNDECLARED_SELECTOR = YES;
				GCC_WARN_UNINITIALIZED_AUTOS = YES_AGGRESSIVE;
				GCC_WARN_UNUSED_FUNCTION = YES;
				GCC_WARN_UNUSED_VARIABLE = YES;
				IPHONEOS_DEPLOYMENT_TARGET = 18.5;
				LOCALIZATION_PREFERS_STRING_CATALOGS = YES;
				MTL_ENABLE_DEBUG_INFO = NO;
				MTL_FAST_MATH = YES;
				SDKROOT = iphoneos;
				SWIFT_COMPILATION_MODE = wholemodule;
				VALIDATE_PRODUCT = YES;
			};
			name = Release;
		};
		25AF4C912EBA115D00B4F8F7 /* Debug */ = {
			isa = XCBuildConfiguration;
			buildSettings = {
				BUNDLE_LOADER = "$(TEST_HOST)";
				CODE_SIGN_STYLE = Automatic;
				CURRENT_PROJECT_VERSION = 1;
				DEVELOPMENT_TEAM = B8C46T352S;
				GENERATE_INFOPLIST_FILE = YES;
				IPHONEOS_DEPLOYMENT_TARGET = 18.5;
				MARKETING_VERSION = 1.0;
				PRODUCT_BUNDLE_IDENTIFIER = srmist.edu.in.MemoraTests;
				PRODUCT_NAME = "$(TARGET_NAME)";
				SWIFT_EMIT_LOC_STRINGS = NO;
				SWIFT_VERSION = 5.0;
				TARGETED_DEVICE_FAMILY = "1,2";
				TEST_HOST = "$(BUILT_PRODUCTS_DIR)/Memora.app/$(BUNDLE_EXECUTABLE_FOLDER_PATH)/Memora";
			};
			name = Debug;
		};
		25AF4C922EBA115D00B4F8F7 /* Release */ = {
			isa = XCBuildConfiguration;
			buildSettings = {
				BUNDLE_LOADER = "$(TEST_HOST)";
				CODE_SIGN_STYLE = Automatic;
				CURRENT_PROJECT_VERSION = 1;
				DEVELOPMENT_TEAM = B8C46T352S;
				GENERATE_INFOPLIST_FILE = YES;
				IPHONEOS_DEPLOYMENT_TARGET = 18.5;
				MARKETING_VERSION = 1.0;
				PRODUCT_BUNDLE_IDENTIFIER = srmist.edu.in.MemoraTests;
				PRODUCT_NAME = "$(TARGET_NAME)";
				SWIFT_EMIT_LOC_STRINGS = NO;
				SWIFT_VERSION = 5.0;
				TARGETED_DEVICE_FAMILY = "1,2";
				TEST_HOST = "$(BUILT_PRODUCTS_DIR)/Memora.app/$(BUNDLE_EXECUTABLE_FOLDER_PATH)/Memora";
			};
			name = Release;
		};
		25AF4C942EBA115D00B4F8F7 /* Debug */ = {
			isa = XCBuildConfiguration;
			buildSettings = {
				CODE_SIGN_STYLE = Automatic;
				CURRENT_PROJECT_VERSION = 1;
				DEVELOPMENT_TEAM = B8C46T352S;
				GENERATE_INFOPLIST_FILE = YES;
				MARKETING_VERSION = 1.0;
				PRODUCT_BUNDLE_IDENTIFIER = srmist.edu.in.MemoraUITests;
				PRODUCT_NAME = "$(TARGET_NAME)";
				SWIFT_EMIT_LOC_STRINGS = NO;
				SWIFT_VERSION = 5.0;
				TARGETED_DEVICE_FAMILY = "1,2";
				TEST_TARGET_NAME = Memora;
			};
			name = Debug;
		};
		25AF4C952EBA115D00B4F8F7 /* Release */ = {
			isa = XCBuildConfiguration;
			buildSettings = {
				CODE_SIGN_STYLE = Automatic;
				CURRENT_PROJECT_VERSION = 1;
				DEVELOPMENT_TEAM = B8C46T352S;
				GENERATE_INFOPLIST_FILE = YES;
				MARKETING_VERSION = 1.0;
				PRODUCT_BUNDLE_IDENTIFIER = srmist.edu.in.MemoraUITests;
				PRODUCT_NAME = "$(TARGET_NAME)";
				SWIFT_EMIT_LOC_STRINGS = NO;
				SWIFT_VERSION = 5.0;
				TARGETED_DEVICE_FAMILY = "1,2";
				TEST_TARGET_NAME = Memora;
			};
			name = Release;
		};
/* End XCBuildConfiguration section */

/* Begin XCConfigurationList section */
		25AF4C5D2EBA115B00B4F8F7 /* Build configuration list for PBXProject "Memora" */ = {
			isa = XCConfigurationList;
			buildConfigurations = (
				25AF4C8E2EBA115D00B4F8F7 /* Debug */,
				25AF4C8F2EBA115D00B4F8F7 /* Release */,
			);
			defaultConfigurationIsVisible = 0;
			defaultConfigurationName = Release;
		};
		25AF4C8B2EBA115D00B4F8F7 /* Build configuration list for PBXNativeTarget "Memora" */ = {
			isa = XCConfigurationList;
			buildConfigurations = (
				25AF4C8C2EBA115D00B4F8F7 /* Debug */,
				25AF4C8D2EBA115D00B4F8F7 /* Release */,
			);
			defaultConfigurationIsVisible = 0;
			defaultConfigurationName = Release;
		};
		25AF4C902EBA115D00B4F8F7 /* Build configuration list for PBXNativeTarget "MemoraTests" */ = {
			isa = XCConfigurationList;
			buildConfigurations = (
				25AF4C912EBA115D00B4F8F7 /* Debug */,
				25AF4C922EBA115D00B4F8F7 /* Release */,
			);
			defaultConfigurationIsVisible = 0;
			defaultConfigurationName = Release;
		};
		25AF4C932EBA115D00B4F8F7 /* Build configuration list for PBXNativeTarget "MemoraUITests" */ = {
			isa = XCConfigurationList;
			buildConfigurations = (
				25AF4C942EBA115D00B4F8F7 /* Debug */,
				25AF4C952EBA115D00B4F8F7 /* Release */,
			);
			defaultConfigurationIsVisible = 0;
			defaultConfigurationName = Release;
		};
/* End XCConfigurationList section */

/* Begin XCRemoteSwiftPackageReference section */
		1FA106F52ED0CDE300C1F6AD /* XCRemoteSwiftPackageReference "DSWaveformImage" */ = {
			isa = XCRemoteSwiftPackageReference;
			repositoryURL = "https://github.com/dmrschmidt/DSWaveformImage";
			requirement = {
				kind = upToNextMajorVersion;
				minimumVersion = 14.2.2;
			};
		};
/* End XCRemoteSwiftPackageReference section */

/* Begin XCSwiftPackageProductDependency section */
		1FA106F62ED0CDF900C1F6AD /* DSWaveformImage */ = {
			isa = XCSwiftPackageProductDependency;
			package = 1FA106F52ED0CDE300C1F6AD /* XCRemoteSwiftPackageReference "DSWaveformImage" */;
			productName = DSWaveformImage;
		};
		1FA106F82ED0CDF900C1F6AD /* DSWaveformImageViews */ = {
			isa = XCSwiftPackageProductDependency;
			package = 1FA106F52ED0CDE300C1F6AD /* XCRemoteSwiftPackageReference "DSWaveformImage" */;
			productName = DSWaveformImageViews;
		};
/* End XCSwiftPackageProductDependency section */
	};
	rootObject = 25AF4C5A2EBA115B00B4F8F7 /* Project object */;
}
